[[tools.cargo-binstall]]
version = "1.16.4"
backend = "aqua:cargo-bins/cargo-binstall"
"platforms.linux-arm64" = { checksum = "sha256:9b2f3e8790b92bd468055cb232c2fb1210e848f8905517609e69f3a7ab271084", url = "https://github.com/cargo-bins/cargo-binstall/releases/download/v1.16.4/cargo-binstall-aarch64-unknown-linux-musl.tgz"}
"platforms.linux-x64" = { checksum = "sha256:6756ba74cb6523e82b5adb310aca774f4b22e290d6d9f38a8f656b1bb569c498", url = "https://github.com/cargo-bins/cargo-binstall/releases/download/v1.16.4/cargo-binstall-x86_64-unknown-linux-musl.tgz"}
"platforms.macos-arm64" = { checksum = "sha256:0aa476b62b59ed80768ec3ab403ee9c5615aad0d6b6ffb67d4c408cd3f1cf4c8", url = "https://github.com/cargo-bins/cargo-binstall/releases/download/v1.16.4/cargo-binstall-aarch64-apple-darwin.zip"}
"platforms.macos-x64" = { checksum = "sha256:87c1904c2fef87f5ba0ebe35bcc66092897ae176d2a008e46f3a1659497757ab", url = "https://github.com/cargo-bins/cargo-binstall/releases/download/v1.16.4/cargo-binstall-x86_64-apple-darwin.zip"}
"platforms.windows-x64" = { checksum = "sha256:560bf505d087a39eb934da00bd6197aabf8f9ed3eb681e8aad9bf99eaefa326c", url = "https://github.com/cargo-bins/cargo-binstall/releases/download/v1.16.4/cargo-binstall-x86_64-pc-windows-msvc.zip"}

[[tools."cargo:git-cliff"]]
version = "2.11.0"
backend = "cargo:git-cliff"

[[tools.poetry]]
version = "2.2.1"
backend = "asdf:poetry"

[[tools.python]]
version = "3.10.19"
backend = "core:python"

[[tools.python]]
version = "3.11.14"
backend = "core:python"

[[tools.python]]
version = "3.12.12"
backend = "core:python"

[[tools.python]]
version = "3.13.11"
backend = "core:python"

[[tools.python]]
version = "3.14.2"
backend = "core:python"

[[tools.python]]
version = "3.9.25"
backend = "core:python"
