# @generated - this file is auto-generated by `mise lock` https://mise.en.dev/dev-tools/mise-lock.html

[[tools.cargo-binstall]]
version = "1.20.0"
backend = "aqua:cargo-bins/cargo-binstall"

[tools.cargo-binstall."platforms.linux-arm64"]
checksum = "sha256:34daacc97111b8765b59128446ed4cd0bf6f8995a8c58199bd5597f1a42bf6b5"
url = "https://github.com/cargo-bins/cargo-binstall/releases/download/v1.20.0/cargo-binstall-aarch64-unknown-linux-gnu.tgz"
url_api = "https://api.github.com/repos/cargo-bins/cargo-binstall/releases/assets/441741589"
provenance = "github-attestations"

[tools.cargo-binstall."platforms.linux-x64"]
checksum = "sha256:4de7b98d09026101d7b1788c6d92f0e28544741a3f4e393d46d2b00677cbbaa2"
url = "https://github.com/cargo-bins/cargo-binstall/releases/download/v1.20.0/cargo-binstall-x86_64-unknown-linux-gnu.tgz"
url_api = "https://api.github.com/repos/cargo-bins/cargo-binstall/releases/assets/441741158"
provenance = "github-attestations"

[tools.cargo-binstall."platforms.macos-arm64"]
checksum = "sha256:24a9cbf1e4c238881f408d7cca11f4aafba1fdeb0e518887638af5dd40e6ac3d"
url = "https://github.com/cargo-bins/cargo-binstall/releases/download/v1.20.0/cargo-binstall-aarch64-apple-darwin.zip"
url_api = "https://api.github.com/repos/cargo-bins/cargo-binstall/releases/assets/441741680"
provenance = "github-attestations"

[tools.cargo-binstall."platforms.macos-x64"]
checksum = "sha256:2ef14fc607859ba238bce73512eba68941e3addc61cb40282171287fbdee5ff4"
url = "https://github.com/cargo-bins/cargo-binstall/releases/download/v1.20.0/cargo-binstall-x86_64-apple-darwin.zip"
url_api = "https://api.github.com/repos/cargo-bins/cargo-binstall/releases/assets/441741263"
provenance = "github-attestations"

[tools.cargo-binstall."platforms.windows-x64"]
checksum = "sha256:185c115ef1977e044e009336c77bf41cc61f144944fdb43e2d84f291b96648dc"
url = "https://github.com/cargo-bins/cargo-binstall/releases/download/v1.20.0/cargo-binstall-x86_64-pc-windows-msvc.zip"
url_api = "https://api.github.com/repos/cargo-bins/cargo-binstall/releases/assets/441741207"
provenance = "github-attestations"

[[tools."cargo:git-cliff"]]
version = "2.12.0"
backend = "cargo:git-cliff"

[[tools.poetry]]
version = "2.4.1"
backend = "vfox:poetry"

[[tools.python]]
version = "3.9.25"
backend = "core:python"

[tools.python."platforms.linux-arm64"]
checksum = "sha256:2f17406709afd0f07674dd3ce92a4b23c6adf8baac3f402555d192e0f3333bef"
url = "https://github.com/astral-sh/python-build-standalone/releases/download/20251031/cpython-3.9.25+20251031-aarch64-unknown-linux-gnu-install_only_stripped.tar.gz"
provenance = "github-attestations"

[tools.python."platforms.linux-x64"]
checksum = "sha256:fe04e8b27bd69ca2144fc542428f8b9b5287b6a2e45516a4acfe2c2bc3102773"
url = "https://github.com/astral-sh/python-build-standalone/releases/download/20251031/cpython-3.9.25+20251031-x86_64-unknown-linux-gnu-install_only_stripped.tar.gz"
provenance = "github-attestations"

[tools.python."platforms.macos-arm64"]
checksum = "sha256:1dca0e37d56b7da3ec6a7d2f75cc72a2df3bd05751606300934b2dc6fd7026ea"
url = "https://github.com/astral-sh/python-build-standalone/releases/download/20251031/cpython-3.9.25+20251031-aarch64-apple-darwin-install_only_stripped.tar.gz"
provenance = "github-attestations"

[tools.python."platforms.macos-x64"]
checksum = "sha256:ae1f63f9597a9c29c83a550bc34a6a0f6e1e4d380244557d803e6d3aace31069"
url = "https://github.com/astral-sh/python-build-standalone/releases/download/20251031/cpython-3.9.25+20251031-x86_64-apple-darwin-install_only_stripped.tar.gz"
provenance = "github-attestations"

[tools.python."platforms.windows-x64"]
checksum = "sha256:6898722ab4242e304daf1490e2545bee7e7befacef82a9362f9496c0ee616ece"
url = "https://github.com/astral-sh/python-build-standalone/releases/download/20251031/cpython-3.9.25+20251031-x86_64-pc-windows-msvc-install_only_stripped.tar.gz"
provenance = "github-attestations"

[[tools.python]]
version = "3.10.21"
backend = "core:python"

[tools.python."platforms.linux-arm64"]
checksum = "sha256:d376e6ffd768cc152fd8bc909799880631b105dd6115425b64ef4224b497aadc"
url = "https://github.com/astral-sh/python-build-standalone/releases/download/20260901/cpython-3.10.21+20260901-aarch64-unknown-linux-gnu-install_only_stripped.tar.gz"
provenance = "github-attestations"

[tools.python."platforms.linux-x64"]
checksum = "sha256:a85d82bf451beea4605cecf0ad3e6cfdab833f146da8f1f82c7b7786f3ff3e3a"
url = "https://github.com/astral-sh/python-build-standalone/releases/download/20260901/cpython-3.10.21+20260901-x86_64-unknown-linux-gnu-install_only_stripped.tar.gz"
provenance = "github-attestations"

[tools.python."platforms.macos-arm64"]
checksum = "sha256:c2ddcefee6ae51286001dc22320434676adcc89362330823b409eac51a101a4b"
url = "https://github.com/astral-sh/python-build-standalone/releases/download/20260901/cpython-3.10.21+20260901-aarch64-apple-darwin-install_only_stripped.tar.gz"
provenance = "github-attestations"

[tools.python."platforms.macos-x64"]
checksum = "sha256:3ff8fef5965b5b3fae2823d19779f588e6e964cac640d0036c7e578e127e6017"
url = "https://github.com/astral-sh/python-build-standalone/releases/download/20260901/cpython-3.10.21+20260901-x86_64-apple-darwin-install_only_stripped.tar.gz"
provenance = "github-attestations"

[tools.python."platforms.windows-x64"]
checksum = "sha256:423464e7b3951317c7888fb890a9fa5f6a9d4e0ff71eb1b865b316eaaf63717d"
url = "https://github.com/astral-sh/python-build-standalone/releases/download/20260901/cpython-3.10.21+20260901-x86_64-pc-windows-msvc-install_only_stripped.tar.gz"
provenance = "github-attestations"

[[tools.python]]
version = "3.11.16"
backend = "core:python"

[tools.python."platforms.linux-arm64"]
checksum = "sha256:f9308ed57184fae73941c712ed847be420ce36d31ba73ce53f0508a1ee752f68"
url = "https://github.com/astral-sh/python-build-standalone/releases/download/20260901/cpython-3.11.16+20260901-aarch64-unknown-linux-gnu-install_only_stripped.tar.gz"
provenance = "github-attestations"

[tools.python."platforms.linux-x64"]
checksum = "sha256:64427febea27864d136db46c8efe968eb6fa5ca2813ce1dca4bb95aec31cb2e4"
url = "https://github.com/astral-sh/python-build-standalone/releases/download/20260901/cpython-3.11.16+20260901-x86_64-unknown-linux-gnu-install_only_stripped.tar.gz"
provenance = "github-attestations"

[tools.python."platforms.macos-arm64"]
checksum = "sha256:768f05cf200273bbdda9a5955a5a6892a4b22f2a0b1e4b0a9160f5c7fce86816"
url = "https://github.com/astral-sh/python-build-standalone/releases/download/20260901/cpython-3.11.16+20260901-aarch64-apple-darwin-install_only_stripped.tar.gz"
provenance = "github-attestations"

[tools.python."platforms.macos-x64"]
checksum = "sha256:908b381433f78b832c8d64960ced0f85871893cc8779f413f963e0c9e293c258"
url = "https://github.com/astral-sh/python-build-standalone/releases/download/20260901/cpython-3.11.16+20260901-x86_64-apple-darwin-install_only_stripped.tar.gz"
provenance = "github-attestations"

[tools.python."platforms.windows-x64"]
checksum = "sha256:06cbe479e039f5b9cb5640c286d790074d63f549f92a32d599a3748293bd4510"
url = "https://github.com/astral-sh/python-build-standalone/releases/download/20260901/cpython-3.11.16+20260901-x86_64-pc-windows-msvc-install_only_stripped.tar.gz"
provenance = "github-attestations"

[[tools.python]]
version = "3.12.14"
backend = "core:python"

[tools.python."platforms.linux-arm64"]
checksum = "sha256:577b4bec0793ad1ff0cbff9adbd0df078eddde38a4c41bf5d83ad381a85ee39d"
url = "https://github.com/astral-sh/python-build-standalone/releases/download/20260901/cpython-3.12.14+20260901-aarch64-unknown-linux-gnu-install_only_stripped.tar.gz"
provenance = "github-attestations"

[tools.python."platforms.linux-x64"]
checksum = "sha256:72748da13197c1fb161e3afeef20a6a385ff24f2165e6e2758e47008e7faba4c"
url = "https://github.com/astral-sh/python-build-standalone/releases/download/20260901/cpython-3.12.14+20260901-x86_64-unknown-linux-gnu-install_only_stripped.tar.gz"
provenance = "github-attestations"

[tools.python."platforms.macos-arm64"]
checksum = "sha256:81a359f1cfadd4da11766534c5913791cea55f26e1bb902cacd2a531bb1e4b2b"
url = "https://github.com/astral-sh/python-build-standalone/releases/download/20260901/cpython-3.12.14+20260901-aarch64-apple-darwin-install_only_stripped.tar.gz"
provenance = "github-attestations"

[tools.python."platforms.macos-x64"]
checksum = "sha256:65b195c9cedc1fef6767f044f9822069adbd1bd9204d424ece4628776fdc04bb"
url = "https://github.com/astral-sh/python-build-standalone/releases/download/20260901/cpython-3.12.14+20260901-x86_64-apple-darwin-install_only_stripped.tar.gz"
provenance = "github-attestations"

[tools.python."platforms.windows-x64"]
checksum = "sha256:7c45c9622400d578709a9b2cddbe8124cc21d382409d9f13406d706d28e31b14"
url = "https://github.com/astral-sh/python-build-standalone/releases/download/20260901/cpython-3.12.14+20260901-x86_64-pc-windows-msvc-install_only_stripped.tar.gz"
provenance = "github-attestations"

[[tools.python]]
version = "3.13.15"
backend = "core:python"

[tools.python."platforms.linux-arm64"]
checksum = "sha256:01ce0ce9189feaead3298abf10d4efe998c55a489b3d5d38ca4f83dda7e7977e"
url = "https://github.com/astral-sh/python-build-standalone/releases/download/20260901/cpython-3.13.15+20260901-aarch64-unknown-linux-gnu-install_only_stripped.tar.gz"
provenance = "github-attestations"

[tools.python."platforms.linux-x64"]
checksum = "sha256:8a689a077337bea6d1c4bc0b7df1d52fcaa28f5f67e50df8bf417c1e3f9d8874"
url = "https://github.com/astral-sh/python-build-standalone/releases/download/20260901/cpython-3.13.15+20260901-x86_64-unknown-linux-gnu-install_only_stripped.tar.gz"
provenance = "github-attestations"

[tools.python."platforms.macos-arm64"]
checksum = "sha256:d3904bd6a072246e07aa0bdadee9a14e80521e42a943c0848059feb16a2816dc"
url = "https://github.com/astral-sh/python-build-standalone/releases/download/20260901/cpython-3.13.15+20260901-aarch64-apple-darwin-install_only_stripped.tar.gz"
provenance = "github-attestations"

[tools.python."platforms.macos-x64"]
checksum = "sha256:f712a9143c8a5d248438ec7921a0b48d548bca4f1337d33c690d28c2d0504137"
url = "https://github.com/astral-sh/python-build-standalone/releases/download/20260901/cpython-3.13.15+20260901-x86_64-apple-darwin-install_only_stripped.tar.gz"
provenance = "github-attestations"

[tools.python."platforms.windows-x64"]
checksum = "sha256:63d263ab0162f34a241a56dc5b283c22d6e131f5516117e6a921350c69ba7d4f"
url = "https://github.com/astral-sh/python-build-standalone/releases/download/20260901/cpython-3.13.15+20260901-x86_64-pc-windows-msvc-install_only_stripped.tar.gz"
provenance = "github-attestations"

[[tools.python]]
version = "3.14.7"
backend = "core:python"

[tools.python."platforms.linux-arm64"]
checksum = "sha256:8a0798baa8a2c27b5751d590aced543eaa85e20b3f73d93c1af049688acdc9c5"
url = "https://github.com/astral-sh/python-build-standalone/releases/download/20260901/cpython-3.14.7+20260901-aarch64-unknown-linux-gnu-install_only_stripped.tar.gz"
provenance = "github-attestations"

[tools.python."platforms.linux-x64"]
checksum = "sha256:3959f92825141e04adf44982d3a83ee57af0877e893b0796e04c1468749d9b04"
url = "https://github.com/astral-sh/python-build-standalone/releases/download/20260901/cpython-3.14.7+20260901-x86_64-unknown-linux-gnu-install_only_stripped.tar.gz"
provenance = "github-attestations"

[tools.python."platforms.macos-arm64"]
checksum = "sha256:4632cb1a6edad9e73d3c81b6d2e69131637d995173e3e85005df14102b0592ba"
url = "https://github.com/astral-sh/python-build-standalone/releases/download/20260901/cpython-3.14.7+20260901-aarch64-apple-darwin-install_only_stripped.tar.gz"
provenance = "github-attestations"

[tools.python."platforms.macos-x64"]
checksum = "sha256:7e151a7c9028855b61a7d6e78381f2020a1ef185281399f3b1aafc5e1c9a1a64"
url = "https://github.com/astral-sh/python-build-standalone/releases/download/20260901/cpython-3.14.7+20260901-x86_64-apple-darwin-install_only_stripped.tar.gz"
provenance = "github-attestations"

[tools.python."platforms.windows-x64"]
checksum = "sha256:ca3c33ca924dfcab3b74205a7a58a88b0255135c53f95497b26b5e60700fd66d"
url = "https://github.com/astral-sh/python-build-standalone/releases/download/20260901/cpython-3.14.7+20260901-x86_64-pc-windows-msvc-install_only_stripped.tar.gz"
provenance = "github-attestations"
