# @generated - this file is auto-generated by `mise lock` https://mise.en.dev/dev-tools/mise-lock.html

[[tools.cargo-binstall]]
version = "1.20.0"
backend = "aqua:cargo-bins/cargo-binstall"

[tools.cargo-binstall."platforms.linux-arm64"]
checksum = "sha256:3e85b6bbdf971806562ea4070bb4bdae8591fb7bcc2e0f4ea693f40c4ab92159"
url = "https://github.com/cargo-bins/cargo-binstall/releases/download/v1.20.0/cargo-binstall-aarch64-unknown-linux-musl.tgz"
provenance = "github-attestations"

[tools.cargo-binstall."platforms.linux-x64"]
checksum = "sha256:4d7875788d0505547c220d2b02d3619aac0dd19b7033eba7005a8d09ff1dc433"
url = "https://github.com/cargo-bins/cargo-binstall/releases/download/v1.20.0/cargo-binstall-x86_64-unknown-linux-musl.tgz"
provenance = "github-attestations"

[tools.cargo-binstall."platforms.macos-arm64"]
checksum = "sha256:24a9cbf1e4c238881f408d7cca11f4aafba1fdeb0e518887638af5dd40e6ac3d"
url = "https://github.com/cargo-bins/cargo-binstall/releases/download/v1.20.0/cargo-binstall-aarch64-apple-darwin.zip"
provenance = "github-attestations"

[tools.cargo-binstall."platforms.macos-x64"]
checksum = "sha256:2ef14fc607859ba238bce73512eba68941e3addc61cb40282171287fbdee5ff4"
url = "https://github.com/cargo-bins/cargo-binstall/releases/download/v1.20.0/cargo-binstall-x86_64-apple-darwin.zip"
provenance = "github-attestations"

[tools.cargo-binstall."platforms.windows-x64"]
checksum = "sha256:185c115ef1977e044e009336c77bf41cc61f144944fdb43e2d84f291b96648dc"
url = "https://github.com/cargo-bins/cargo-binstall/releases/download/v1.20.0/cargo-binstall-x86_64-pc-windows-msvc.zip"
provenance = "github-attestations"

[[tools."cargo:git-cliff"]]
version = "2.12.0"
backend = "cargo:git-cliff"

[[tools.poetry]]
version = "2.4.1"
backend = "vfox:poetry"

[[tools.python]]
version = "3.10.20"
backend = "core:python"

[tools.python."platforms.linux-arm64"]
checksum = "sha256:923fbb586618affa735b9da0e4dc3c0299f99316354201c9df08a5c14c90e8e0"
url = "https://github.com/astral-sh/python-build-standalone/releases/download/20260602/cpython-3.10.20+20260602-aarch64-unknown-linux-gnu-install_only_stripped.tar.gz"
provenance = "github-attestations"

[tools.python."platforms.linux-x64"]
checksum = "sha256:e56d5f09c005c1e814692053145a91721a89f0d1f4cd35f86675a4cb0876125e"
url = "https://github.com/astral-sh/python-build-standalone/releases/download/20260602/cpython-3.10.20+20260602-x86_64-unknown-linux-gnu-install_only_stripped.tar.gz"
provenance = "github-attestations"

[tools.python."platforms.macos-arm64"]
checksum = "sha256:a7cbaef7f56eaaed7f4049928423ced667cd29813267734db894635b7ac27156"
url = "https://github.com/astral-sh/python-build-standalone/releases/download/20260602/cpython-3.10.20+20260602-aarch64-apple-darwin-install_only_stripped.tar.gz"
provenance = "github-attestations"

[tools.python."platforms.macos-x64"]
checksum = "sha256:04cd42f9e4019a4f38603083b4eb2ac25c301e6db288d44da88ce251405e14d8"
url = "https://github.com/astral-sh/python-build-standalone/releases/download/20260602/cpython-3.10.20+20260602-x86_64-apple-darwin-install_only_stripped.tar.gz"
provenance = "github-attestations"

[tools.python."platforms.windows-x64"]
checksum = "sha256:fff291cc5832518659e94e3935cc80d637ebd9a85b1b6c37a9a6796696432ebf"
url = "https://github.com/astral-sh/python-build-standalone/releases/download/20260602/cpython-3.10.20+20260602-x86_64-pc-windows-msvc-install_only_stripped.tar.gz"
provenance = "github-attestations"

[[tools.python]]
version = "3.11.15"
backend = "core:python"

[tools.python."platforms.linux-arm64"]
checksum = "sha256:a33ccdefc04379226220742d072712b68a91794aa22fc42390a754866e6f9bb0"
url = "https://github.com/astral-sh/python-build-standalone/releases/download/20260602/cpython-3.11.15+20260602-aarch64-unknown-linux-gnu-install_only_stripped.tar.gz"
provenance = "github-attestations"

[tools.python."platforms.linux-x64"]
checksum = "sha256:4b79bcb83a22961c8972f8d1d4780bd8925f0b52688d95b090a488f31c8b1139"
url = "https://github.com/astral-sh/python-build-standalone/releases/download/20260602/cpython-3.11.15+20260602-x86_64-unknown-linux-gnu-install_only_stripped.tar.gz"
provenance = "github-attestations"

[tools.python."platforms.macos-arm64"]
checksum = "sha256:f1461690377000ee2161af52db780b7c1a200549fff7c8064e47e1ee1832265b"
url = "https://github.com/astral-sh/python-build-standalone/releases/download/20260602/cpython-3.11.15+20260602-aarch64-apple-darwin-install_only_stripped.tar.gz"
provenance = "github-attestations"

[tools.python."platforms.macos-x64"]
checksum = "sha256:64035e377ac6f43cfc3e5e7dc373d79c36306524025cf6b1b8b7823d95b6fff5"
url = "https://github.com/astral-sh/python-build-standalone/releases/download/20260602/cpython-3.11.15+20260602-x86_64-apple-darwin-install_only_stripped.tar.gz"
provenance = "github-attestations"

[tools.python."platforms.windows-x64"]
checksum = "sha256:f606681b2327210e2e7edf8c33f5260ea05d50f0c5b546f7c9fd535b21ec627a"
url = "https://github.com/astral-sh/python-build-standalone/releases/download/20260602/cpython-3.11.15+20260602-x86_64-pc-windows-msvc-install_only_stripped.tar.gz"
provenance = "github-attestations"

[[tools.python]]
version = "3.12.13"
backend = "core:python"

[tools.python."platforms.linux-arm64"]
checksum = "sha256:437c8514d7ebf42db9e989d73971ce49778fd466e5187d753c18234bbd28ad66"
url = "https://github.com/astral-sh/python-build-standalone/releases/download/20260602/cpython-3.12.13+20260602-aarch64-unknown-linux-gnu-install_only_stripped.tar.gz"
provenance = "github-attestations"

[tools.python."platforms.linux-x64"]
checksum = "sha256:191b5188b42886fb8a14968d714571e8f3d1cef92ac7ad4c7e24cc4d0929b194"
url = "https://github.com/astral-sh/python-build-standalone/releases/download/20260602/cpython-3.12.13+20260602-x86_64-unknown-linux-gnu-install_only_stripped.tar.gz"
provenance = "github-attestations"

[tools.python."platforms.macos-arm64"]
checksum = "sha256:7426b06a7ba06e2db637ace3a6658db55d357c6c2083d5b13e0d46a293a3d5ad"
url = "https://github.com/astral-sh/python-build-standalone/releases/download/20260602/cpython-3.12.13+20260602-aarch64-apple-darwin-install_only_stripped.tar.gz"
provenance = "github-attestations"

[tools.python."platforms.macos-x64"]
checksum = "sha256:ed741cca5783263844e051cedbb9e0728a8e8c0a903038ac910a2664c36e532a"
url = "https://github.com/astral-sh/python-build-standalone/releases/download/20260602/cpython-3.12.13+20260602-x86_64-apple-darwin-install_only_stripped.tar.gz"
provenance = "github-attestations"

[tools.python."platforms.windows-x64"]
checksum = "sha256:dbada31f91a4fff934dae85e7998d91f1e926135bd88ffed4921a337d5680f48"
url = "https://github.com/astral-sh/python-build-standalone/releases/download/20260602/cpython-3.12.13+20260602-x86_64-pc-windows-msvc-install_only_stripped.tar.gz"
provenance = "github-attestations"

[[tools.python]]
version = "3.13.13"
backend = "core:python"

[tools.python."platforms.linux-arm64"]
checksum = "sha256:b396c30748c4aa2ca3990464e397bf04cdd3281a4f0464a8ad179daf96f080e2"
url = "https://github.com/astral-sh/python-build-standalone/releases/download/20260602/cpython-3.13.13+20260602-aarch64-unknown-linux-gnu-install_only_stripped.tar.gz"
provenance = "github-attestations"

[tools.python."platforms.linux-x64"]
checksum = "sha256:c249d2b96af6912c3910f234b96aa8d20d30e8b0c46d0584fa956d7a77036ea9"
url = "https://github.com/astral-sh/python-build-standalone/releases/download/20260602/cpython-3.13.13+20260602-x86_64-unknown-linux-gnu-install_only_stripped.tar.gz"
provenance = "github-attestations"

[tools.python."platforms.macos-arm64"]
checksum = "sha256:b929647e1ebe243bd8b66c731e102b97dd7bdcc08127f03b7b22997ac4667403"
url = "https://github.com/astral-sh/python-build-standalone/releases/download/20260602/cpython-3.13.13+20260602-aarch64-apple-darwin-install_only_stripped.tar.gz"
provenance = "github-attestations"

[tools.python."platforms.macos-x64"]
checksum = "sha256:90761d4827285280b38e8d8ecd83f08b838f03730b891c6714e584fb0a53395d"
url = "https://github.com/astral-sh/python-build-standalone/releases/download/20260602/cpython-3.13.13+20260602-x86_64-apple-darwin-install_only_stripped.tar.gz"
provenance = "github-attestations"

[tools.python."platforms.windows-x64"]
checksum = "sha256:747876f7d97b228faccf680022de675ade6416f3e8e383efeb4976fd22a122f7"
url = "https://github.com/astral-sh/python-build-standalone/releases/download/20260602/cpython-3.13.13+20260602-x86_64-pc-windows-msvc-install_only_stripped.tar.gz"
provenance = "github-attestations"

[[tools.python]]
version = "3.14.5"
backend = "core:python"

[tools.python."platforms.linux-arm64"]
checksum = "sha256:1d3ea1b3cd9b8f3d53afb629e82e9bc8f6dab6cbb1a7d23524bd86ba5bc22570"
url = "https://github.com/astral-sh/python-build-standalone/releases/download/20260602/cpython-3.14.5+20260602-aarch64-unknown-linux-gnu-install_only_stripped.tar.gz"
provenance = "github-attestations"

[tools.python."platforms.linux-x64"]
checksum = "sha256:982a60fc7f11bbe405ab54afcd4eb145f1134797bbbffac9f5c49df4ec98b13e"
url = "https://github.com/astral-sh/python-build-standalone/releases/download/20260602/cpython-3.14.5+20260602-x86_64-unknown-linux-gnu-install_only_stripped.tar.gz"
provenance = "github-attestations"

[tools.python."platforms.macos-arm64"]
checksum = "sha256:3a0373cc39fefd494754ef555267f245c720cddbaaabf63a7c9a4269f1e56532"
url = "https://github.com/astral-sh/python-build-standalone/releases/download/20260602/cpython-3.14.5+20260602-aarch64-apple-darwin-install_only_stripped.tar.gz"
provenance = "github-attestations"

[tools.python."platforms.macos-x64"]
checksum = "sha256:d44ff6ec301cabc91eb0c756b1948b28579fb07feba36aaf1990e535649d5ea6"
url = "https://github.com/astral-sh/python-build-standalone/releases/download/20260602/cpython-3.14.5+20260602-x86_64-apple-darwin-install_only_stripped.tar.gz"
provenance = "github-attestations"

[tools.python."platforms.windows-x64"]
checksum = "sha256:66b065143e538c07f069f764d831d8ffae95507907d4ca211304e6f3a056435c"
url = "https://github.com/astral-sh/python-build-standalone/releases/download/20260602/cpython-3.14.5+20260602-x86_64-pc-windows-msvc-install_only_stripped.tar.gz"
provenance = "github-attestations"

[[tools.python]]
version = "3.9.25"
backend = "core:python"

[tools.python."platforms.linux-arm64"]
checksum = "sha256:2f17406709afd0f07674dd3ce92a4b23c6adf8baac3f402555d192e0f3333bef"
url = "https://github.com/astral-sh/python-build-standalone/releases/download/20251031/cpython-3.9.25+20251031-aarch64-unknown-linux-gnu-install_only_stripped.tar.gz"
provenance = "github-attestations"

[tools.python."platforms.linux-x64"]
checksum = "sha256:fe04e8b27bd69ca2144fc542428f8b9b5287b6a2e45516a4acfe2c2bc3102773"
url = "https://github.com/astral-sh/python-build-standalone/releases/download/20251031/cpython-3.9.25+20251031-x86_64-unknown-linux-gnu-install_only_stripped.tar.gz"
provenance = "github-attestations"

[tools.python."platforms.macos-arm64"]
checksum = "sha256:1dca0e37d56b7da3ec6a7d2f75cc72a2df3bd05751606300934b2dc6fd7026ea"
url = "https://github.com/astral-sh/python-build-standalone/releases/download/20251031/cpython-3.9.25+20251031-aarch64-apple-darwin-install_only_stripped.tar.gz"
provenance = "github-attestations"

[tools.python."platforms.macos-x64"]
checksum = "sha256:ae1f63f9597a9c29c83a550bc34a6a0f6e1e4d380244557d803e6d3aace31069"
url = "https://github.com/astral-sh/python-build-standalone/releases/download/20251031/cpython-3.9.25+20251031-x86_64-apple-darwin-install_only_stripped.tar.gz"
provenance = "github-attestations"

[tools.python."platforms.windows-x64"]
checksum = "sha256:6898722ab4242e304daf1490e2545bee7e7befacef82a9362f9496c0ee616ece"
url = "https://github.com/astral-sh/python-build-standalone/releases/download/20251031/cpython-3.9.25+20251031-x86_64-pc-windows-msvc-install_only_stripped.tar.gz"
provenance = "github-attestations"
