# This file is automatically @generated by Poetry 2.1.3 and should not be changed by hand.

[[package]]
name = "async-timeout"
version = "5.0.1"
description = "Timeout context manager for asyncio programs"
optional = false
python-versions = ">=3.8"
groups = ["main", "dev"]
files = [
    {file = "async_timeout-5.0.1-py3-none-any.whl", hash = "sha256:39e3809566ff85354557ec2398b55e096c8364bacac9405a7a1fa429e77fe76c"},
    {file = "async_timeout-5.0.1.tar.gz", hash = "sha256:d9321a7a3d5a6a5e187e824d2fa0793ce379a202935782d555d6e9d2735677d3"},
]

[[package]]
name = "asyncpg"
version = "0.30.0"
description = "An asyncio PostgreSQL driver"
optional = false
python-versions = ">=3.8.0"
groups = ["main"]
files = [
    {file = "asyncpg-0.30.0-cp310-cp310-macosx_10_9_x86_64.whl", hash = "sha256:bfb4dd5ae0699bad2b233672c8fc5ccbd9ad24b89afded02341786887e37927e"},
    {file = "asyncpg-0.30.0-cp310-cp310-macosx_11_0_arm64.whl", hash = "sha256:dc1f62c792752a49f88b7e6f774c26077091b44caceb1983509edc18a2222ec0"},
    {file = "asyncpg-0.30.0-cp310-cp310-manylinux_2_17_aarch64.manylinux2014_aarch64.whl", hash = "sha256:3152fef2e265c9c24eec4ee3d22b4f4d2703d30614b0b6753e9ed4115c8a146f"},
    {file = "asyncpg-0.30.0-cp310-cp310-manylinux_2_17_x86_64.manylinux2014_x86_64.whl", hash = "sha256:c7255812ac85099a0e1ffb81b10dc477b9973345793776b128a23e60148dd1af"},
    {file = "asyncpg-0.30.0-cp310-cp310-musllinux_1_2_aarch64.whl", hash = "sha256:578445f09f45d1ad7abddbff2a3c7f7c291738fdae0abffbeb737d3fc3ab8b75"},
    {file = "asyncpg-0.30.0-cp310-cp310-musllinux_1_2_x86_64.whl", hash = "sha256:c42f6bb65a277ce4d93f3fba46b91a265631c8df7250592dd4f11f8b0152150f"},
    {file = "asyncpg-0.30.0-cp310-cp310-win32.whl", hash = "sha256:aa403147d3e07a267ada2ae34dfc9324e67ccc4cdca35261c8c22792ba2b10cf"},
    {file = "asyncpg-0.30.0-cp310-cp310-win_amd64.whl", hash = "sha256:fb622c94db4e13137c4c7f98834185049cc50ee01d8f657ef898b6407c7b9c50"},
    {file = "asyncpg-0.30.0-cp311-cp311-macosx_10_9_x86_64.whl", hash = "sha256:5e0511ad3dec5f6b4f7a9e063591d407eee66b88c14e2ea636f187da1dcfff6a"},
    {file = "asyncpg-0.30.0-cp311-cp311-macosx_11_0_arm64.whl", hash = "sha256:915aeb9f79316b43c3207363af12d0e6fd10776641a7de8a01212afd95bdf0ed"},
    {file = "asyncpg-0.30.0-cp311-cp311-manylinux_2_17_aarch64.manylinux2014_aarch64.whl", hash = "sha256:1c198a00cce9506fcd0bf219a799f38ac7a237745e1d27f0e1f66d3707c84a5a"},
    {file = "asyncpg-0.30.0-cp311-cp311-manylinux_2_17_x86_64.manylinux2014_x86_64.whl", hash = "sha256:3326e6d7381799e9735ca2ec9fd7be4d5fef5dcbc3cb555d8a463d8460607956"},
    {file = "asyncpg-0.30.0-cp311-cp311-musllinux_1_2_aarch64.whl", hash = "sha256:51da377487e249e35bd0859661f6ee2b81db11ad1f4fc036194bc9cb2ead5056"},
    {file = "asyncpg-0.30.0-cp311-cp311-musllinux_1_2_x86_64.whl", hash = "sha256:bc6d84136f9c4d24d358f3b02be4b6ba358abd09f80737d1ac7c444f36108454"},
    {file = "asyncpg-0.30.0-cp311-cp311-win32.whl", hash = "sha256:574156480df14f64c2d76450a3f3aaaf26105869cad3865041156b38459e935d"},
    {file = "asyncpg-0.30.0-cp311-cp311-win_amd64.whl", hash = "sha256:3356637f0bd830407b5597317b3cb3571387ae52ddc3bca6233682be88bbbc1f"},
    {file = "asyncpg-0.30.0-cp312-cp312-macosx_10_13_x86_64.whl", hash = "sha256:c902a60b52e506d38d7e80e0dd5399f657220f24635fee368117b8b5fce1142e"},
    {file = "asyncpg-0.30.0-cp312-cp312-macosx_11_0_arm64.whl", hash = "sha256:aca1548e43bbb9f0f627a04666fedaca23db0a31a84136ad1f868cb15deb6e3a"},
    {file = "asyncpg-0.30.0-cp312-cp312-manylinux_2_17_aarch64.manylinux2014_aarch64.whl", hash = "sha256:6c2a2ef565400234a633da0eafdce27e843836256d40705d83ab7ec42074efb3"},
    {file = "asyncpg-0.30.0-cp312-cp312-manylinux_2_17_x86_64.manylinux2014_x86_64.whl", hash = "sha256:1292b84ee06ac8a2ad8e51c7475aa309245874b61333d97411aab835c4a2f737"},
    {file = "asyncpg-0.30.0-cp312-cp312-musllinux_1_2_aarch64.whl", hash = "sha256:0f5712350388d0cd0615caec629ad53c81e506b1abaaf8d14c93f54b35e3595a"},
    {file = "asyncpg-0.30.0-cp312-cp312-musllinux_1_2_x86_64.whl", hash = "sha256:db9891e2d76e6f425746c5d2da01921e9a16b5a71a1c905b13f30e12a257c4af"},
    {file = "asyncpg-0.30.0-cp312-cp312-win32.whl", hash = "sha256:68d71a1be3d83d0570049cd1654a9bdfe506e794ecc98ad0873304a9f35e411e"},
    {file = "asyncpg-0.30.0-cp312-cp312-win_amd64.whl", hash = "sha256:9a0292c6af5c500523949155ec17b7fe01a00ace33b68a476d6b5059f9630305"},
    {file = "asyncpg-0.30.0-cp313-cp313-macosx_10_13_x86_64.whl", hash = "sha256:05b185ebb8083c8568ea8a40e896d5f7af4b8554b64d7719c0eaa1eb5a5c3a70"},
    {file = "asyncpg-0.30.0-cp313-cp313-macosx_11_0_arm64.whl", hash = "sha256:c47806b1a8cbb0a0db896f4cd34d89942effe353a5035c62734ab13b9f938da3"},
    {file = "asyncpg-0.30.0-cp313-cp313-manylinux_2_17_aarch64.manylinux2014_aarch64.whl", hash = "sha256:9b6fde867a74e8c76c71e2f64f80c64c0f3163e687f1763cfaf21633ec24ec33"},
    {file = "asyncpg-0.30.0-cp313-cp313-manylinux_2_17_x86_64.manylinux2014_x86_64.whl", hash = "sha256:46973045b567972128a27d40001124fbc821c87a6cade040cfcd4fa8a30bcdc4"},
    {file = "asyncpg-0.30.0-cp313-cp313-musllinux_1_2_aarch64.whl", hash = "sha256:9110df111cabc2ed81aad2f35394a00cadf4f2e0635603db6ebbd0fc896f46a4"},
    {file = "asyncpg-0.30.0-cp313-cp313-musllinux_1_2_x86_64.whl", hash = "sha256:04ff0785ae7eed6cc138e73fc67b8e51d54ee7a3ce9b63666ce55a0bf095f7ba"},
    {file = "asyncpg-0.30.0-cp313-cp313-win32.whl", hash = "sha256:ae374585f51c2b444510cdf3595b97ece4f233fde739aa14b50e0d64e8a7a590"},
    {file = "asyncpg-0.30.0-cp313-cp313-win_amd64.whl", hash = "sha256:f59b430b8e27557c3fb9869222559f7417ced18688375825f8f12302c34e915e"},
    {file = "asyncpg-0.30.0-cp38-cp38-macosx_10_9_x86_64.whl", hash = "sha256:29ff1fc8b5bf724273782ff8b4f57b0f8220a1b2324184846b39d1ab4122031d"},
    {file = "asyncpg-0.30.0-cp38-cp38-macosx_11_0_arm64.whl", hash = "sha256:64e899bce0600871b55368b8483e5e3e7f1860c9482e7f12e0a771e747988168"},
    {file = "asyncpg-0.30.0-cp38-cp38-manylinux_2_17_aarch64.manylinux2014_aarch64.whl", hash = "sha256:5b290f4726a887f75dcd1b3006f484252db37602313f806e9ffc4e5996cfe5cb"},
    {file = "asyncpg-0.30.0-cp38-cp38-manylinux_2_17_x86_64.manylinux2014_x86_64.whl", hash = "sha256:f86b0e2cd3f1249d6fe6fd6cfe0cd4538ba994e2d8249c0491925629b9104d0f"},
    {file = "asyncpg-0.30.0-cp38-cp38-musllinux_1_2_aarch64.whl", hash = "sha256:393af4e3214c8fa4c7b86da6364384c0d1b3298d45803375572f415b6f673f38"},
    {file = "asyncpg-0.30.0-cp38-cp38-musllinux_1_2_x86_64.whl", hash = "sha256:fd4406d09208d5b4a14db9a9dbb311b6d7aeeab57bded7ed2f8ea41aeef39b34"},
    {file = "asyncpg-0.30.0-cp38-cp38-win32.whl", hash = "sha256:0b448f0150e1c3b96cb0438a0d0aa4871f1472e58de14a3ec320dbb2798fb0d4"},
    {file = "asyncpg-0.30.0-cp38-cp38-win_amd64.whl", hash = "sha256:f23b836dd90bea21104f69547923a02b167d999ce053f3d502081acea2fba15b"},
    {file = "asyncpg-0.30.0-cp39-cp39-macosx_10_9_x86_64.whl", hash = "sha256:6f4e83f067b35ab5e6371f8a4c93296e0439857b4569850b178a01385e82e9ad"},
    {file = "asyncpg-0.30.0-cp39-cp39-macosx_11_0_arm64.whl", hash = "sha256:5df69d55add4efcd25ea2a3b02025b669a285b767bfbf06e356d68dbce4234ff"},
    {file = "asyncpg-0.30.0-cp39-cp39-manylinux_2_17_aarch64.manylinux2014_aarch64.whl", hash = "sha256:a3479a0d9a852c7c84e822c073622baca862d1217b10a02dd57ee4a7a081f708"},
    {file = "asyncpg-0.30.0-cp39-cp39-manylinux_2_17_x86_64.manylinux2014_x86_64.whl", hash = "sha256:26683d3b9a62836fad771a18ecf4659a30f348a561279d6227dab96182f46144"},
    {file = "asyncpg-0.30.0-cp39-cp39-musllinux_1_2_aarch64.whl", hash = "sha256:1b982daf2441a0ed314bd10817f1606f1c28b1136abd9e4f11335358c2c631cb"},
    {file = "asyncpg-0.30.0-cp39-cp39-musllinux_1_2_x86_64.whl", hash = "sha256:1c06a3a50d014b303e5f6fc1e5f95eb28d2cee89cf58384b700da621e5d5e547"},
    {file = "asyncpg-0.30.0-cp39-cp39-win32.whl", hash = "sha256:1b11a555a198b08f5c4baa8f8231c74a366d190755aa4f99aacec5970afe929a"},
    {file = "asyncpg-0.30.0-cp39-cp39-win_amd64.whl", hash = "sha256:8b684a3c858a83cd876f05958823b68e8d14ec01bb0c0d14a6704c5bf9711773"},
    {file = "asyncpg-0.30.0.tar.gz", hash = "sha256:c551e9928ab6707602f44811817f82ba3c446e018bfe1d3abecc8ba5f3eac851"},
]

[package.dependencies]
async-timeout = {version = ">=4.0.3", markers = "python_version < \"3.11.0\""}

[package.extras]
docs = ["Sphinx (>=8.1.3,<8.2.0)", "sphinx-rtd-theme (>=1.2.2)"]
gssauth = ["gssapi ; platform_system != \"Windows\"", "sspilib ; platform_system == \"Windows\""]
test = ["distro (>=1.9.0,<1.10.0)", "flake8 (>=6.1,<7.0)", "flake8-pyi (>=24.1.0,<24.2.0)", "gssapi ; platform_system == \"Linux\"", "k5test ; platform_system == \"Linux\"", "mypy (>=1.8.0,<1.9.0)", "sspilib ; platform_system == \"Windows\"", "uvloop (>=0.15.3) ; platform_system != \"Windows\" and python_version < \"3.14.0\""]

[[package]]
name = "cfgv"
version = "3.4.0"
description = "Validate configuration and produce human readable error messages."
optional = false
python-versions = ">=3.8"
groups = ["dev"]
files = [
    {file = "cfgv-3.4.0-py2.py3-none-any.whl", hash = "sha256:b7265b1f29fd3316bfcd2b330d63d024f2bfd8bcb8b0272f8e19a504856c48f9"},
    {file = "cfgv-3.4.0.tar.gz", hash = "sha256:e52591d4c5f5dead8e0f673fb16db7949d2cfb3f7da4582893288f0ded8fe560"},
]

[[package]]
name = "distlib"
version = "0.4.0"
description = "Distribution utilities"
optional = false
python-versions = "*"
groups = ["dev"]
files = [
    {file = "distlib-0.4.0-py2.py3-none-any.whl", hash = "sha256:9659f7d87e46584a30b5780e43ac7a2143098441670ff0a49d5f9034c54a6c16"},
    {file = "distlib-0.4.0.tar.gz", hash = "sha256:feec40075be03a04501a973d81f633735b4b69f98b05450592310c0f401a4e0d"},
]

[[package]]
name = "filelock"
version = "3.16.1"
description = "A platform independent file lock."
optional = false
python-versions = ">=3.8"
groups = ["dev"]
files = [
    {file = "filelock-3.16.1-py3-none-any.whl", hash = "sha256:2082e5703d51fbf98ea75855d9d5527e33d8ff23099bec374a134febee6946b0"},
    {file = "filelock-3.16.1.tar.gz", hash = "sha256:c249fbfcd5db47e5e2d6d62198e565475ee65e4831e2561c8e313fa7eb961435"},
]

[package.extras]
docs = ["furo (>=2024.8.6)", "sphinx (>=8.0.2)", "sphinx-autodoc-typehints (>=2.4.1)"]
testing = ["covdefaults (>=2.3)", "coverage (>=7.6.1)", "diff-cover (>=9.2)", "pytest (>=8.3.3)", "pytest-asyncio (>=0.24)", "pytest-cov (>=5)", "pytest-mock (>=3.14)", "pytest-timeout (>=2.3.1)", "virtualenv (>=20.26.4)"]
typing = ["typing-extensions (>=4.12.2) ; python_version < \"3.11\""]

[[package]]
name = "identify"
version = "2.6.1"
description = "File identification library for Python"
optional = false
python-versions = ">=3.8"
groups = ["dev"]
files = [
    {file = "identify-2.6.1-py2.py3-none-any.whl", hash = "sha256:53863bcac7caf8d2ed85bd20312ea5dcfc22226800f6d6881f232d861db5a8f0"},
    {file = "identify-2.6.1.tar.gz", hash = "sha256:91478c5fb7c3aac5ff7bf9b4344f803843dc586832d5f110d672b19aa1984c98"},
]

[package.extras]
license = ["ukkonen"]

[[package]]
name = "mypy"
version = "1.14.1"
description = "Optional static typing for Python"
optional = false
python-versions = ">=3.8"
groups = ["dev"]
files = [
    {file = "mypy-1.14.1-cp310-cp310-macosx_10_9_x86_64.whl", hash = "sha256:52686e37cf13d559f668aa398dd7ddf1f92c5d613e4f8cb262be2fb4fedb0fcb"},
    {file = "mypy-1.14.1-cp310-cp310-macosx_11_0_arm64.whl", hash = "sha256:1fb545ca340537d4b45d3eecdb3def05e913299ca72c290326be19b3804b39c0"},
    {file = "mypy-1.14.1-cp310-cp310-manylinux_2_17_aarch64.manylinux2014_aarch64.manylinux_2_28_aarch64.whl", hash = "sha256:90716d8b2d1f4cd503309788e51366f07c56635a3309b0f6a32547eaaa36a64d"},
    {file = "mypy-1.14.1-cp310-cp310-manylinux_2_17_x86_64.manylinux2014_x86_64.manylinux_2_28_x86_64.whl", hash = "sha256:2ae753f5c9fef278bcf12e1a564351764f2a6da579d4a81347e1d5a15819997b"},
    {file = "mypy-1.14.1-cp310-cp310-musllinux_1_2_x86_64.whl", hash = "sha256:e0fe0f5feaafcb04505bcf439e991c6d8f1bf8b15f12b05feeed96e9e7bf1427"},
    {file = "mypy-1.14.1-cp310-cp310-win_amd64.whl", hash = "sha256:7d54bd85b925e501c555a3227f3ec0cfc54ee8b6930bd6141ec872d1c572f81f"},
    {file = "mypy-1.14.1-cp311-cp311-macosx_10_9_x86_64.whl", hash = "sha256:f995e511de847791c3b11ed90084a7a0aafdc074ab88c5a9711622fe4751138c"},
    {file = "mypy-1.14.1-cp311-cp311-macosx_11_0_arm64.whl", hash = "sha256:d64169ec3b8461311f8ce2fd2eb5d33e2d0f2c7b49116259c51d0d96edee48d1"},
    {file = "mypy-1.14.1-cp311-cp311-manylinux_2_17_aarch64.manylinux2014_aarch64.manylinux_2_28_aarch64.whl", hash = "sha256:ba24549de7b89b6381b91fbc068d798192b1b5201987070319889e93038967a8"},
    {file = "mypy-1.14.1-cp311-cp311-manylinux_2_17_x86_64.manylinux2014_x86_64.manylinux_2_28_x86_64.whl", hash = "sha256:183cf0a45457d28ff9d758730cd0210419ac27d4d3f285beda038c9083363b1f"},
    {file = "mypy-1.14.1-cp311-cp311-musllinux_1_2_x86_64.whl", hash = "sha256:f2a0ecc86378f45347f586e4163d1769dd81c5a223d577fe351f26b179e148b1"},
    {file = "mypy-1.14.1-cp311-cp311-win_amd64.whl", hash = "sha256:ad3301ebebec9e8ee7135d8e3109ca76c23752bac1e717bc84cd3836b4bf3eae"},
    {file = "mypy-1.14.1-cp312-cp312-macosx_10_13_x86_64.whl", hash = "sha256:30ff5ef8519bbc2e18b3b54521ec319513a26f1bba19a7582e7b1f58a6e69f14"},
    {file = "mypy-1.14.1-cp312-cp312-macosx_11_0_arm64.whl", hash = "sha256:cb9f255c18052343c70234907e2e532bc7e55a62565d64536dbc7706a20b78b9"},
    {file = "mypy-1.14.1-cp312-cp312-manylinux_2_17_aarch64.manylinux2014_aarch64.manylinux_2_28_aarch64.whl", hash = "sha256:8b4e3413e0bddea671012b063e27591b953d653209e7a4fa5e48759cda77ca11"},
    {file = "mypy-1.14.1-cp312-cp312-manylinux_2_17_x86_64.manylinux2014_x86_64.manylinux_2_28_x86_64.whl", hash = "sha256:553c293b1fbdebb6c3c4030589dab9fafb6dfa768995a453d8a5d3b23784af2e"},
    {file = "mypy-1.14.1-cp312-cp312-musllinux_1_2_x86_64.whl", hash = "sha256:fad79bfe3b65fe6a1efaed97b445c3d37f7be9fdc348bdb2d7cac75579607c89"},
    {file = "mypy-1.14.1-cp312-cp312-win_amd64.whl", hash = "sha256:8fa2220e54d2946e94ab6dbb3ba0a992795bd68b16dc852db33028df2b00191b"},
    {file = "mypy-1.14.1-cp313-cp313-macosx_10_13_x86_64.whl", hash = "sha256:92c3ed5afb06c3a8e188cb5da4984cab9ec9a77ba956ee419c68a388b4595255"},
    {file = "mypy-1.14.1-cp313-cp313-macosx_11_0_arm64.whl", hash = "sha256:dbec574648b3e25f43d23577309b16534431db4ddc09fda50841f1e34e64ed34"},
    {file = "mypy-1.14.1-cp313-cp313-manylinux_2_17_aarch64.manylinux2014_aarch64.manylinux_2_28_aarch64.whl", hash = "sha256:8c6d94b16d62eb3e947281aa7347d78236688e21081f11de976376cf010eb31a"},
    {file = "mypy-1.14.1-cp313-cp313-manylinux_2_17_x86_64.manylinux2014_x86_64.manylinux_2_28_x86_64.whl", hash = "sha256:d4b19b03fdf54f3c5b2fa474c56b4c13c9dbfb9a2db4370ede7ec11a2c5927d9"},
    {file = "mypy-1.14.1-cp313-cp313-musllinux_1_2_x86_64.whl", hash = "sha256:0c911fde686394753fff899c409fd4e16e9b294c24bfd5e1ea4675deae1ac6fd"},
    {file = "mypy-1.14.1-cp313-cp313-win_amd64.whl", hash = "sha256:8b21525cb51671219f5307be85f7e646a153e5acc656e5cebf64bfa076c50107"},
    {file = "mypy-1.14.1-cp38-cp38-macosx_10_9_x86_64.whl", hash = "sha256:7084fb8f1128c76cd9cf68fe5971b37072598e7c31b2f9f95586b65c741a9d31"},
    {file = "mypy-1.14.1-cp38-cp38-macosx_11_0_arm64.whl", hash = "sha256:8f845a00b4f420f693f870eaee5f3e2692fa84cc8514496114649cfa8fd5e2c6"},
    {file = "mypy-1.14.1-cp38-cp38-manylinux_2_17_aarch64.manylinux2014_aarch64.manylinux_2_28_aarch64.whl", hash = "sha256:44bf464499f0e3a2d14d58b54674dee25c031703b2ffc35064bd0df2e0fac319"},
    {file = "mypy-1.14.1-cp38-cp38-manylinux_2_17_x86_64.manylinux2014_x86_64.manylinux_2_28_x86_64.whl", hash = "sha256:c99f27732c0b7dc847adb21c9d47ce57eb48fa33a17bc6d7d5c5e9f9e7ae5bac"},
    {file = "mypy-1.14.1-cp38-cp38-musllinux_1_2_x86_64.whl", hash = "sha256:bce23c7377b43602baa0bd22ea3265c49b9ff0b76eb315d6c34721af4cdf1d9b"},
    {file = "mypy-1.14.1-cp38-cp38-win_amd64.whl", hash = "sha256:8edc07eeade7ebc771ff9cf6b211b9a7d93687ff892150cb5692e4f4272b0837"},
    {file = "mypy-1.14.1-cp39-cp39-macosx_10_9_x86_64.whl", hash = "sha256:3888a1816d69f7ab92092f785a462944b3ca16d7c470d564165fe703b0970c35"},
    {file = "mypy-1.14.1-cp39-cp39-macosx_11_0_arm64.whl", hash = "sha256:46c756a444117c43ee984bd055db99e498bc613a70bbbc120272bd13ca579fbc"},
    {file = "mypy-1.14.1-cp39-cp39-manylinux_2_17_aarch64.manylinux2014_aarch64.manylinux_2_28_aarch64.whl", hash = "sha256:27fc248022907e72abfd8e22ab1f10e903915ff69961174784a3900a8cba9ad9"},
    {file = "mypy-1.14.1-cp39-cp39-manylinux_2_17_x86_64.manylinux2014_x86_64.manylinux_2_28_x86_64.whl", hash = "sha256:499d6a72fb7e5de92218db961f1a66d5f11783f9ae549d214617edab5d4dbdbb"},
    {file = "mypy-1.14.1-cp39-cp39-musllinux_1_2_x86_64.whl", hash = "sha256:57961db9795eb566dc1d1b4e9139ebc4c6b0cb6e7254ecde69d1552bf7613f60"},
    {file = "mypy-1.14.1-cp39-cp39-win_amd64.whl", hash = "sha256:07ba89fdcc9451f2ebb02853deb6aaaa3d2239a236669a63ab3801bbf923ef5c"},
    {file = "mypy-1.14.1-py3-none-any.whl", hash = "sha256:b66a60cc4073aeb8ae00057f9c1f64d49e90f918fbcef9a977eb121da8b8f1d1"},
    {file = "mypy-1.14.1.tar.gz", hash = "sha256:7ec88144fe9b510e8475ec2f5f251992690fcf89ccb4500b214b4226abcd32d6"},
]

[package.dependencies]
mypy_extensions = ">=1.0.0"
tomli = {version = ">=1.1.0", markers = "python_version < \"3.11\""}
typing_extensions = ">=4.6.0"

[package.extras]
dmypy = ["psutil (>=4.0)"]
faster-cache = ["orjson"]
install-types = ["pip"]
mypyc = ["setuptools (>=50)"]
reports = ["lxml"]

[[package]]
name = "mypy-extensions"
version = "1.1.0"
description = "Type system extensions for programs checked with the mypy type checker."
optional = false
python-versions = ">=3.8"
groups = ["dev"]
files = [
    {file = "mypy_extensions-1.1.0-py3-none-any.whl", hash = "sha256:1be4cccdb0f2482337c4743e60421de3a356cd97508abadd57d47403e94f5505"},
    {file = "mypy_extensions-1.1.0.tar.gz", hash = "sha256:52e68efc3284861e772bbcd66823fde5ae21fd2fdb51c62a211403730b916558"},
]

[[package]]
name = "nodeenv"
version = "1.9.1"
description = "Node.js virtual environment builder"
optional = false
python-versions = "!=3.0.*,!=3.1.*,!=3.2.*,!=3.3.*,!=3.4.*,!=3.5.*,!=3.6.*,>=2.7"
groups = ["dev"]
files = [
    {file = "nodeenv-1.9.1-py2.py3-none-any.whl", hash = "sha256:ba11c9782d29c27c70ffbdda2d7415098754709be8a7056d79a737cd901155c9"},
    {file = "nodeenv-1.9.1.tar.gz", hash = "sha256:6ec12890a2dab7946721edbfbcd91f3319c6ccc9aec47be7c7e6b7011ee6645f"},
]

[[package]]
name = "nodejs-wheel-binaries"
version = "22.19.0"
description = "unoffical Node.js package"
optional = false
python-versions = ">=3.7"
groups = ["dev"]
files = [
    {file = "nodejs_wheel_binaries-22.19.0-py2.py3-none-macosx_11_0_arm64.whl", hash = "sha256:43eca1526455a1fb4cb777095198f7ebe5111a4444749c87f5c2b84645aaa72a"},
    {file = "nodejs_wheel_binaries-22.19.0-py2.py3-none-macosx_11_0_x86_64.whl", hash = "sha256:feb06709e1320790d34babdf71d841ec7f28e4c73217d733e7f5023060a86bfc"},
    {file = "nodejs_wheel_binaries-22.19.0-py2.py3-none-manylinux_2_17_aarch64.manylinux2014_aarch64.whl", hash = "sha256:db9f5777292491430457c99228d3a267decf12a09d31246f0692391e3513285e"},
    {file = "nodejs_wheel_binaries-22.19.0-py2.py3-none-manylinux_2_17_x86_64.manylinux2014_x86_64.whl", hash = "sha256:1392896f1a05a88a8a89b26e182d90fdf3020b4598a047807b91b65731e24c00"},
    {file = "nodejs_wheel_binaries-22.19.0-py2.py3-none-musllinux_1_2_aarch64.whl", hash = "sha256:9164c876644f949cad665e3ada00f75023e18f381e78a1d7b60ccbbfb4086e73"},
    {file = "nodejs_wheel_binaries-22.19.0-py2.py3-none-musllinux_1_2_x86_64.whl", hash = "sha256:6b4b75166134010bc9cfebd30dc57047796a27049fef3fc22316216d76bc0af7"},
    {file = "nodejs_wheel_binaries-22.19.0-py2.py3-none-win_amd64.whl", hash = "sha256:3f271f5abfc71b052a6b074225eca8c1223a0f7216863439b86feaca814f6e5a"},
    {file = "nodejs_wheel_binaries-22.19.0-py2.py3-none-win_arm64.whl", hash = "sha256:666a355fe0c9bde44a9221cd543599b029045643c8196b8eedb44f28dc192e06"},
    {file = "nodejs_wheel_binaries-22.19.0.tar.gz", hash = "sha256:e69b97ef443d36a72602f7ed356c6a36323873230f894799f4270a853932fdb3"},
]

[[package]]
name = "platformdirs"
version = "4.3.6"
description = "A small Python package for determining appropriate platform-specific dirs, e.g. a `user data dir`."
optional = false
python-versions = ">=3.8"
groups = ["dev"]
files = [
    {file = "platformdirs-4.3.6-py3-none-any.whl", hash = "sha256:73e575e1408ab8103900836b97580d5307456908a03e92031bab39e4554cc3fb"},
    {file = "platformdirs-4.3.6.tar.gz", hash = "sha256:357fb2acbc885b0419afd3ce3ed34564c13c9b95c89360cd9563f73aa5e2b907"},
]

[package.extras]
docs = ["furo (>=2024.8.6)", "proselint (>=0.14)", "sphinx (>=8.0.2)", "sphinx-autodoc-typehints (>=2.4)"]
test = ["appdirs (==1.4.4)", "covdefaults (>=2.3)", "pytest (>=8.3.2)", "pytest-cov (>=5)", "pytest-mock (>=3.14)"]
type = ["mypy (>=1.11.2)"]

[[package]]
name = "pre-commit"
version = "3.5.0"
description = "A framework for managing and maintaining multi-language pre-commit hooks."
optional = false
python-versions = ">=3.8"
groups = ["dev"]
files = [
    {file = "pre_commit-3.5.0-py2.py3-none-any.whl", hash = "sha256:841dc9aef25daba9a0238cd27984041fa0467b4199fc4852e27950664919f660"},
    {file = "pre_commit-3.5.0.tar.gz", hash = "sha256:5804465c675b659b0862f07907f96295d490822a450c4c40e747d0b1c6ebcb32"},
]

[package.dependencies]
cfgv = ">=2.0.0"
identify = ">=1.0.0"
nodeenv = ">=0.11.1"
pyyaml = ">=5.1"
virtualenv = ">=20.10.0"

[[package]]
name = "pyright"
version = "1.1.407"
description = "Command line wrapper for pyright"
optional = false
python-versions = ">=3.7"
groups = ["dev"]
files = [
    {file = "pyright-1.1.407-py3-none-any.whl", hash = "sha256:6dd419f54fcc13f03b52285796d65e639786373f433e243f8b94cf93a7444d21"},
    {file = "pyright-1.1.407.tar.gz", hash = "sha256:099674dba5c10489832d4a4b2d302636152a9a42d317986c38474c76fe562262"},
]

[package.dependencies]
nodeenv = ">=1.6.0"
nodejs-wheel-binaries = {version = "*", optional = true, markers = "extra == \"nodejs\""}
typing-extensions = ">=4.1"

[package.extras]
all = ["nodejs-wheel-binaries", "twine (>=3.4.1)"]
dev = ["twine (>=3.4.1)"]
nodejs = ["nodejs-wheel-binaries"]

[[package]]
name = "pyyaml"
version = "6.0.3"
description = "YAML parser and emitter for Python"
optional = false
python-versions = ">=3.8"
groups = ["dev"]
files = [
    {file = "PyYAML-6.0.3-cp38-cp38-macosx_10_13_x86_64.whl", hash = "sha256:c2514fceb77bc5e7a2f7adfaa1feb2fb311607c9cb518dbc378688ec73d8292f"},
    {file = "PyYAML-6.0.3-cp38-cp38-manylinux2014_aarch64.manylinux_2_17_aarch64.manylinux_2_28_aarch64.whl", hash = "sha256:9c57bb8c96f6d1808c030b1687b9b5fb476abaa47f0db9c0101f5e9f394e97f4"},
    {file = "PyYAML-6.0.3-cp38-cp38-manylinux2014_s390x.manylinux_2_17_s390x.manylinux_2_28_s390x.whl", hash = "sha256:efd7b85f94a6f21e4932043973a7ba2613b059c4a000551892ac9f1d11f5baf3"},
    {file = "PyYAML-6.0.3-cp38-cp38-manylinux2014_x86_64.manylinux_2_17_x86_64.manylinux_2_28_x86_64.whl", hash = "sha256:22ba7cfcad58ef3ecddc7ed1db3409af68d023b7f940da23c6c2a1890976eda6"},
    {file = "PyYAML-6.0.3-cp38-cp38-musllinux_1_2_x86_64.whl", hash = "sha256:6344df0d5755a2c9a276d4473ae6b90647e216ab4757f8426893b5dd2ac3f369"},
    {file = "PyYAML-6.0.3-cp38-cp38-win32.whl", hash = "sha256:3ff07ec89bae51176c0549bc4c63aa6202991da2d9a6129d7aef7f1407d3f295"},
    {file = "PyYAML-6.0.3-cp38-cp38-win_amd64.whl", hash = "sha256:5cf4e27da7e3fbed4d6c3d8e797387aaad68102272f8f9752883bc32d61cb87b"},
    {file = "pyyaml-6.0.3-cp310-cp310-macosx_10_13_x86_64.whl", hash = "sha256:214ed4befebe12df36bcc8bc2b64b396ca31be9304b8f59e25c11cf94a4c033b"},
    {file = "pyyaml-6.0.3-cp310-cp310-macosx_11_0_arm64.whl", hash = "sha256:02ea2dfa234451bbb8772601d7b8e426c2bfa197136796224e50e35a78777956"},
    {file = "pyyaml-6.0.3-cp310-cp310-manylinux2014_aarch64.manylinux_2_17_aarch64.manylinux_2_28_aarch64.whl", hash = "sha256:b30236e45cf30d2b8e7b3e85881719e98507abed1011bf463a8fa23e9c3e98a8"},
    {file = "pyyaml-6.0.3-cp310-cp310-manylinux2014_s390x.manylinux_2_17_s390x.manylinux_2_28_s390x.whl", hash = "sha256:66291b10affd76d76f54fad28e22e51719ef9ba22b29e1d7d03d6777a9174198"},
    {file = "pyyaml-6.0.3-cp310-cp310-manylinux2014_x86_64.manylinux_2_17_x86_64.manylinux_2_28_x86_64.whl", hash = "sha256:9c7708761fccb9397fe64bbc0395abcae8c4bf7b0eac081e12b809bf47700d0b"},
    {file = "pyyaml-6.0.3-cp310-cp310-musllinux_1_2_aarch64.whl", hash = "sha256:418cf3f2111bc80e0933b2cd8cd04f286338bb88bdc7bc8e6dd775ebde60b5e0"},
    {file = "pyyaml-6.0.3-cp310-cp310-musllinux_1_2_x86_64.whl", hash = "sha256:5e0b74767e5f8c593e8c9b5912019159ed0533c70051e9cce3e8b6aa699fcd69"},
    {file = "pyyaml-6.0.3-cp310-cp310-win32.whl", hash = "sha256:28c8d926f98f432f88adc23edf2e6d4921ac26fb084b028c733d01868d19007e"},
    {file = "pyyaml-6.0.3-cp310-cp310-win_amd64.whl", hash = "sha256:bdb2c67c6c1390b63c6ff89f210c8fd09d9a1217a465701eac7316313c915e4c"},
    {file = "pyyaml-6.0.3-cp311-cp311-macosx_10_13_x86_64.whl", hash = "sha256:44edc647873928551a01e7a563d7452ccdebee747728c1080d881d68af7b997e"},
    {file = "pyyaml-6.0.3-cp311-cp311-macosx_11_0_arm64.whl", hash = "sha256:652cb6edd41e718550aad172851962662ff2681490a8a711af6a4d288dd96824"},
    {file = "pyyaml-6.0.3-cp311-cp311-manylinux2014_aarch64.manylinux_2_17_aarch64.manylinux_2_28_aarch64.whl", hash = "sha256:10892704fc220243f5305762e276552a0395f7beb4dbf9b14ec8fd43b57f126c"},
    {file = "pyyaml-6.0.3-cp311-cp311-manylinux2014_s390x.manylinux_2_17_s390x.manylinux_2_28_s390x.whl", hash = "sha256:850774a7879607d3a6f50d36d04f00ee69e7fc816450e5f7e58d7f17f1ae5c00"},
    {file = "pyyaml-6.0.3-cp311-cp311-manylinux2014_x86_64.manylinux_2_17_x86_64.manylinux_2_28_x86_64.whl", hash = "sha256:b8bb0864c5a28024fac8a632c443c87c5aa6f215c0b126c449ae1a150412f31d"},
    {file = "pyyaml-6.0.3-cp311-cp311-musllinux_1_2_aarch64.whl", hash = "sha256:1d37d57ad971609cf3c53ba6a7e365e40660e3be0e5175fa9f2365a379d6095a"},
    {file = "pyyaml-6.0.3-cp311-cp311-musllinux_1_2_x86_64.whl", hash = "sha256:37503bfbfc9d2c40b344d06b2199cf0e96e97957ab1c1b546fd4f87e53e5d3e4"},
    {file = "pyyaml-6.0.3-cp311-cp311-win32.whl", hash = "sha256:8098f252adfa6c80ab48096053f512f2321f0b998f98150cea9bd23d83e1467b"},
    {file = "pyyaml-6.0.3-cp311-cp311-win_amd64.whl", hash = "sha256:9f3bfb4965eb874431221a3ff3fdcddc7e74e3b07799e0e84ca4a0f867d449bf"},
    {file = "pyyaml-6.0.3-cp312-cp312-macosx_10_13_x86_64.whl", hash = "sha256:7f047e29dcae44602496db43be01ad42fc6f1cc0d8cd6c83d342306c32270196"},
    {file = "pyyaml-6.0.3-cp312-cp312-macosx_11_0_arm64.whl", hash = "sha256:fc09d0aa354569bc501d4e787133afc08552722d3ab34836a80547331bb5d4a0"},
    {file = "pyyaml-6.0.3-cp312-cp312-manylinux2014_aarch64.manylinux_2_17_aarch64.manylinux_2_28_aarch64.whl", hash = "sha256:9149cad251584d5fb4981be1ecde53a1ca46c891a79788c0df828d2f166bda28"},
    {file = "pyyaml-6.0.3-cp312-cp312-manylinux2014_s390x.manylinux_2_17_s390x.manylinux_2_28_s390x.whl", hash = "sha256:5fdec68f91a0c6739b380c83b951e2c72ac0197ace422360e6d5a959d8d97b2c"},
    {file = "pyyaml-6.0.3-cp312-cp312-manylinux2014_x86_64.manylinux_2_17_x86_64.manylinux_2_28_x86_64.whl", hash = "sha256:ba1cc08a7ccde2d2ec775841541641e4548226580ab850948cbfda66a1befcdc"},
    {file = "pyyaml-6.0.3-cp312-cp312-musllinux_1_2_aarch64.whl", hash = "sha256:8dc52c23056b9ddd46818a57b78404882310fb473d63f17b07d5c40421e47f8e"},
    {file = "pyyaml-6.0.3-cp312-cp312-musllinux_1_2_x86_64.whl", hash = "sha256:41715c910c881bc081f1e8872880d3c650acf13dfa8214bad49ed4cede7c34ea"},
    {file = "pyyaml-6.0.3-cp312-cp312-win32.whl", hash = "sha256:96b533f0e99f6579b3d4d4995707cf36df9100d67e0c8303a0c55b27b5f99bc5"},
    {file = "pyyaml-6.0.3-cp312-cp312-win_amd64.whl", hash = "sha256:5fcd34e47f6e0b794d17de1b4ff496c00986e1c83f7ab2fb8fcfe9616ff7477b"},
    {file = "pyyaml-6.0.3-cp312-cp312-win_arm64.whl", hash = "sha256:64386e5e707d03a7e172c0701abfb7e10f0fb753ee1d773128192742712a98fd"},
    {file = "pyyaml-6.0.3-cp313-cp313-macosx_10_13_x86_64.whl", hash = "sha256:8da9669d359f02c0b91ccc01cac4a67f16afec0dac22c2ad09f46bee0697eba8"},
    {file = "pyyaml-6.0.3-cp313-cp313-macosx_11_0_arm64.whl", hash = "sha256:2283a07e2c21a2aa78d9c4442724ec1eb15f5e42a723b99cb3d822d48f5f7ad1"},
    {file = "pyyaml-6.0.3-cp313-cp313-manylinux2014_aarch64.manylinux_2_17_aarch64.manylinux_2_28_aarch64.whl", hash = "sha256:ee2922902c45ae8ccada2c5b501ab86c36525b883eff4255313a253a3160861c"},
    {file = "pyyaml-6.0.3-cp313-cp313-manylinux2014_s390x.manylinux_2_17_s390x.manylinux_2_28_s390x.whl", hash = "sha256:a33284e20b78bd4a18c8c2282d549d10bc8408a2a7ff57653c0cf0b9be0afce5"},
    {file = "pyyaml-6.0.3-cp313-cp313-manylinux2014_x86_64.manylinux_2_17_x86_64.manylinux_2_28_x86_64.whl", hash = "sha256:0f29edc409a6392443abf94b9cf89ce99889a1dd5376d94316ae5145dfedd5d6"},
    {file = "pyyaml-6.0.3-cp313-cp313-musllinux_1_2_aarch64.whl", hash = "sha256:f7057c9a337546edc7973c0d3ba84ddcdf0daa14533c2065749c9075001090e6"},
    {file = "pyyaml-6.0.3-cp313-cp313-musllinux_1_2_x86_64.whl", hash = "sha256:eda16858a3cab07b80edaf74336ece1f986ba330fdb8ee0d6c0d68fe82bc96be"},
    {file = "pyyaml-6.0.3-cp313-cp313-win32.whl", hash = "sha256:d0eae10f8159e8fdad514efdc92d74fd8d682c933a6dd088030f3834bc8e6b26"},
    {file = "pyyaml-6.0.3-cp313-cp313-win_amd64.whl", hash = "sha256:79005a0d97d5ddabfeeea4cf676af11e647e41d81c9a7722a193022accdb6b7c"},
    {file = "pyyaml-6.0.3-cp313-cp313-win_arm64.whl", hash = "sha256:5498cd1645aa724a7c71c8f378eb29ebe23da2fc0d7a08071d89469bf1d2defb"},
    {file = "pyyaml-6.0.3-cp314-cp314-macosx_10_13_x86_64.whl", hash = "sha256:8d1fab6bb153a416f9aeb4b8763bc0f22a5586065f86f7664fc23339fc1c1fac"},
    {file = "pyyaml-6.0.3-cp314-cp314-macosx_11_0_arm64.whl", hash = "sha256:34d5fcd24b8445fadc33f9cf348c1047101756fd760b4dacb5c3e99755703310"},
    {file = "pyyaml-6.0.3-cp314-cp314-manylinux2014_aarch64.manylinux_2_17_aarch64.manylinux_2_28_aarch64.whl", hash = "sha256:501a031947e3a9025ed4405a168e6ef5ae3126c59f90ce0cd6f2bfc477be31b7"},
    {file = "pyyaml-6.0.3-cp314-cp314-manylinux2014_s390x.manylinux_2_17_s390x.manylinux_2_28_s390x.whl", hash = "sha256:b3bc83488de33889877a0f2543ade9f70c67d66d9ebb4ac959502e12de895788"},
    {file = "pyyaml-6.0.3-cp314-cp314-manylinux2014_x86_64.manylinux_2_17_x86_64.manylinux_2_28_x86_64.whl", hash = "sha256:c458b6d084f9b935061bc36216e8a69a7e293a2f1e68bf956dcd9e6cbcd143f5"},
    {file = "pyyaml-6.0.3-cp314-cp314-musllinux_1_2_aarch64.whl", hash = "sha256:7c6610def4f163542a622a73fb39f534f8c101d690126992300bf3207eab9764"},
    {file = "pyyaml-6.0.3-cp314-cp314-musllinux_1_2_x86_64.whl", hash = "sha256:5190d403f121660ce8d1d2c1bb2ef1bd05b5f68533fc5c2ea899bd15f4399b35"},
    {file = "pyyaml-6.0.3-cp314-cp314-win_amd64.whl", hash = "sha256:4a2e8cebe2ff6ab7d1050ecd59c25d4c8bd7e6f400f5f82b96557ac0abafd0ac"},
    {file = "pyyaml-6.0.3-cp314-cp314-win_arm64.whl", hash = "sha256:93dda82c9c22deb0a405ea4dc5f2d0cda384168e466364dec6255b293923b2f3"},
    {file = "pyyaml-6.0.3-cp314-cp314t-macosx_10_13_x86_64.whl", hash = "sha256:02893d100e99e03eda1c8fd5c441d8c60103fd175728e23e431db1b589cf5ab3"},
    {file = "pyyaml-6.0.3-cp314-cp314t-macosx_11_0_arm64.whl", hash = "sha256:c1ff362665ae507275af2853520967820d9124984e0f7466736aea23d8611fba"},
    {file = "pyyaml-6.0.3-cp314-cp314t-manylinux2014_aarch64.manylinux_2_17_aarch64.manylinux_2_28_aarch64.whl", hash = "sha256:6adc77889b628398debc7b65c073bcb99c4a0237b248cacaf3fe8a557563ef6c"},
    {file = "pyyaml-6.0.3-cp314-cp314t-manylinux2014_s390x.manylinux_2_17_s390x.manylinux_2_28_s390x.whl", hash = "sha256:a80cb027f6b349846a3bf6d73b5e95e782175e52f22108cfa17876aaeff93702"},
    {file = "pyyaml-6.0.3-cp314-cp314t-manylinux2014_x86_64.manylinux_2_17_x86_64.manylinux_2_28_x86_64.whl", hash = "sha256:00c4bdeba853cc34e7dd471f16b4114f4162dc03e6b7afcc2128711f0eca823c"},
    {file = "pyyaml-6.0.3-cp314-cp314t-musllinux_1_2_aarch64.whl", hash = "sha256:66e1674c3ef6f541c35191caae2d429b967b99e02040f5ba928632d9a7f0f065"},
    {file = "pyyaml-6.0.3-cp314-cp314t-musllinux_1_2_x86_64.whl", hash = "sha256:16249ee61e95f858e83976573de0f5b2893b3677ba71c9dd36b9cf8be9ac6d65"},
    {file = "pyyaml-6.0.3-cp314-cp314t-win_amd64.whl", hash = "sha256:4ad1906908f2f5ae4e5a8ddfce73c320c2a1429ec52eafd27138b7f1cbe341c9"},
    {file = "pyyaml-6.0.3-cp314-cp314t-win_arm64.whl", hash = "sha256:ebc55a14a21cb14062aa4162f906cd962b28e2e9ea38f9b4391244cd8de4ae0b"},
    {file = "pyyaml-6.0.3-cp39-cp39-macosx_10_13_x86_64.whl", hash = "sha256:b865addae83924361678b652338317d1bd7e79b1f4596f96b96c77a5a34b34da"},
    {file = "pyyaml-6.0.3-cp39-cp39-macosx_11_0_arm64.whl", hash = "sha256:c3355370a2c156cffb25e876646f149d5d68f5e0a3ce86a5084dd0b64a994917"},
    {file = "pyyaml-6.0.3-cp39-cp39-manylinux2014_aarch64.manylinux_2_17_aarch64.manylinux_2_28_aarch64.whl", hash = "sha256:3c5677e12444c15717b902a5798264fa7909e41153cdf9ef7ad571b704a63dd9"},
    {file = "pyyaml-6.0.3-cp39-cp39-manylinux2014_s390x.manylinux_2_17_s390x.manylinux_2_28_s390x.whl", hash = "sha256:5ed875a24292240029e4483f9d4a4b8a1ae08843b9c54f43fcc11e404532a8a5"},
    {file = "pyyaml-6.0.3-cp39-cp39-manylinux2014_x86_64.manylinux_2_17_x86_64.manylinux_2_28_x86_64.whl", hash = "sha256:0150219816b6a1fa26fb4699fb7daa9caf09eb1999f3b70fb6e786805e80375a"},
    {file = "pyyaml-6.0.3-cp39-cp39-musllinux_1_2_aarch64.whl", hash = "sha256:fa160448684b4e94d80416c0fa4aac48967a969efe22931448d853ada8baf926"},
    {file = "pyyaml-6.0.3-cp39-cp39-musllinux_1_2_x86_64.whl", hash = "sha256:27c0abcb4a5dac13684a37f76e701e054692a9b2d3064b70f5e4eb54810553d7"},
    {file = "pyyaml-6.0.3-cp39-cp39-win32.whl", hash = "sha256:1ebe39cb5fc479422b83de611d14e2c0d3bb2a18bbcb01f229ab3cfbd8fee7a0"},
    {file = "pyyaml-6.0.3-cp39-cp39-win_amd64.whl", hash = "sha256:2e71d11abed7344e42a8849600193d15b6def118602c4c176f748e4583246007"},
    {file = "pyyaml-6.0.3.tar.gz", hash = "sha256:d76623373421df22fb4cf8817020cbb7ef15c725b9d5e45f17e189bfc384190f"},
]

[[package]]
name = "ruff"
version = "0.14.7"
description = "An extremely fast Python linter and code formatter, written in Rust."
optional = false
python-versions = ">=3.7"
groups = ["dev"]
files = [
    {file = "ruff-0.14.7-py3-none-linux_armv6l.whl", hash = "sha256:b9d5cb5a176c7236892ad7224bc1e63902e4842c460a0b5210701b13e3de4fca"},
    {file = "ruff-0.14.7-py3-none-macosx_10_12_x86_64.whl", hash = "sha256:3f64fe375aefaf36ca7d7250292141e39b4cea8250427482ae779a2aa5d90015"},
    {file = "ruff-0.14.7-py3-none-macosx_11_0_arm64.whl", hash = "sha256:93e83bd3a9e1a3bda64cb771c0d47cda0e0d148165013ae2d3554d718632d554"},
    {file = "ruff-0.14.7-py3-none-manylinux_2_17_aarch64.manylinux2014_aarch64.whl", hash = "sha256:3838948e3facc59a6070795de2ae16e5786861850f78d5914a03f12659e88f94"},
    {file = "ruff-0.14.7-py3-none-manylinux_2_17_armv7l.manylinux2014_armv7l.whl", hash = "sha256:24c8487194d38b6d71cd0fd17a5b6715cda29f59baca1defe1e3a03240f851d1"},
    {file = "ruff-0.14.7-py3-none-manylinux_2_17_i686.manylinux2014_i686.whl", hash = "sha256:79c73db6833f058a4be8ffe4a0913b6d4ad41f6324745179bd2aa09275b01d0b"},
    {file = "ruff-0.14.7-py3-none-manylinux_2_17_ppc64.manylinux2014_ppc64.whl", hash = "sha256:12eb7014fccff10fc62d15c79d8a6be4d0c2d60fe3f8e4d169a0d2def75f5dad"},
    {file = "ruff-0.14.7-py3-none-manylinux_2_17_ppc64le.manylinux2014_ppc64le.whl", hash = "sha256:6c623bbdc902de7ff715a93fa3bb377a4e42dd696937bf95669118773dbf0c50"},
    {file = "ruff-0.14.7-py3-none-manylinux_2_17_s390x.manylinux2014_s390x.whl", hash = "sha256:f53accc02ed2d200fa621593cdb3c1ae06aa9b2c3cae70bc96f72f0000ae97a9"},
    {file = "ruff-0.14.7-py3-none-manylinux_2_17_x86_64.manylinux2014_x86_64.whl", hash = "sha256:281f0e61a23fcdcffca210591f0f53aafaa15f9025b5b3f9706879aaa8683bc4"},
    {file = "ruff-0.14.7-py3-none-manylinux_2_31_riscv64.whl", hash = "sha256:dbbaa5e14148965b91cb090236931182ee522a5fac9bc5575bafc5c07b9f9682"},
    {file = "ruff-0.14.7-py3-none-musllinux_1_2_aarch64.whl", hash = "sha256:1464b6e54880c0fe2f2d6eaefb6db15373331414eddf89d6b903767ae2458143"},
    {file = "ruff-0.14.7-py3-none-musllinux_1_2_armv7l.whl", hash = "sha256:f217ed871e4621ea6128460df57b19ce0580606c23aeab50f5de425d05226784"},
    {file = "ruff-0.14.7-py3-none-musllinux_1_2_i686.whl", hash = "sha256:6be02e849440ed3602d2eb478ff7ff07d53e3758f7948a2a598829660988619e"},
    {file = "ruff-0.14.7-py3-none-musllinux_1_2_x86_64.whl", hash = "sha256:19a0f116ee5e2b468dfe80c41c84e2bbd6b74f7b719bee86c2ecde0a34563bcc"},
    {file = "ruff-0.14.7-py3-none-win32.whl", hash = "sha256:e33052c9199b347c8937937163b9b149ef6ab2e4bb37b042e593da2e6f6cccfa"},
    {file = "ruff-0.14.7-py3-none-win_amd64.whl", hash = "sha256:e17a20ad0d3fad47a326d773a042b924d3ac31c6ca6deb6c72e9e6b5f661a7c6"},
    {file = "ruff-0.14.7-py3-none-win_arm64.whl", hash = "sha256:be4d653d3bea1b19742fcc6502354e32f65cd61ff2fbdb365803ef2c2aec6228"},
    {file = "ruff-0.14.7.tar.gz", hash = "sha256:3417deb75d23bd14a722b57b0a1435561db65f0ad97435b4cf9f85ffcef34ae5"},
]

[[package]]
name = "tomli"
version = "2.2.1"
description = "A lil' TOML parser"
optional = false
python-versions = ">=3.8"
groups = ["dev"]
markers = "python_version < \"3.11\""
files = [
    {file = "tomli-2.2.1-cp311-cp311-macosx_10_9_x86_64.whl", hash = "sha256:678e4fa69e4575eb77d103de3df8a895e1591b48e740211bd1067378c69e8249"},
    {file = "tomli-2.2.1-cp311-cp311-macosx_11_0_arm64.whl", hash = "sha256:023aa114dd824ade0100497eb2318602af309e5a55595f76b626d6d9f3b7b0a6"},
    {file = "tomli-2.2.1-cp311-cp311-manylinux_2_17_aarch64.manylinux2014_aarch64.whl", hash = "sha256:ece47d672db52ac607a3d9599a9d48dcb2f2f735c6c2d1f34130085bb12b112a"},
    {file = "tomli-2.2.1-cp311-cp311-manylinux_2_17_x86_64.manylinux2014_x86_64.whl", hash = "sha256:6972ca9c9cc9f0acaa56a8ca1ff51e7af152a9f87fb64623e31d5c83700080ee"},
    {file = "tomli-2.2.1-cp311-cp311-manylinux_2_5_i686.manylinux1_i686.manylinux_2_17_i686.manylinux2014_i686.whl", hash = "sha256:c954d2250168d28797dd4e3ac5cf812a406cd5a92674ee4c8f123c889786aa8e"},
    {file = "tomli-2.2.1-cp311-cp311-musllinux_1_2_aarch64.whl", hash = "sha256:8dd28b3e155b80f4d54beb40a441d366adcfe740969820caf156c019fb5c7ec4"},
    {file = "tomli-2.2.1-cp311-cp311-musllinux_1_2_i686.whl", hash = "sha256:e59e304978767a54663af13c07b3d1af22ddee3bb2fb0618ca1593e4f593a106"},
    {file = "tomli-2.2.1-cp311-cp311-musllinux_1_2_x86_64.whl", hash = "sha256:33580bccab0338d00994d7f16f4c4ec25b776af3ffaac1ed74e0b3fc95e885a8"},
    {file = "tomli-2.2.1-cp311-cp311-win32.whl", hash = "sha256:465af0e0875402f1d226519c9904f37254b3045fc5084697cefb9bdde1ff99ff"},
    {file = "tomli-2.2.1-cp311-cp311-win_amd64.whl", hash = "sha256:2d0f2fdd22b02c6d81637a3c95f8cd77f995846af7414c5c4b8d0545afa1bc4b"},
    {file = "tomli-2.2.1-cp312-cp312-macosx_10_13_x86_64.whl", hash = "sha256:4a8f6e44de52d5e6c657c9fe83b562f5f4256d8ebbfe4ff922c495620a7f6cea"},
    {file = "tomli-2.2.1-cp312-cp312-macosx_11_0_arm64.whl", hash = "sha256:8d57ca8095a641b8237d5b079147646153d22552f1c637fd3ba7f4b0b29167a8"},
    {file = "tomli-2.2.1-cp312-cp312-manylinux_2_17_aarch64.manylinux2014_aarch64.whl", hash = "sha256:4e340144ad7ae1533cb897d406382b4b6fede8890a03738ff1683af800d54192"},
    {file = "tomli-2.2.1-cp312-cp312-manylinux_2_17_x86_64.manylinux2014_x86_64.whl", hash = "sha256:db2b95f9de79181805df90bedc5a5ab4c165e6ec3fe99f970d0e302f384ad222"},
    {file = "tomli-2.2.1-cp312-cp312-manylinux_2_5_i686.manylinux1_i686.manylinux_2_17_i686.manylinux2014_i686.whl", hash = "sha256:40741994320b232529c802f8bc86da4e1aa9f413db394617b9a256ae0f9a7f77"},
    {file = "tomli-2.2.1-cp312-cp312-musllinux_1_2_aarch64.whl", hash = "sha256:400e720fe168c0f8521520190686ef8ef033fb19fc493da09779e592861b78c6"},
    {file = "tomli-2.2.1-cp312-cp312-musllinux_1_2_i686.whl", hash = "sha256:02abe224de6ae62c19f090f68da4e27b10af2b93213d36cf44e6e1c5abd19fdd"},
    {file = "tomli-2.2.1-cp312-cp312-musllinux_1_2_x86_64.whl", hash = "sha256:b82ebccc8c8a36f2094e969560a1b836758481f3dc360ce9a3277c65f374285e"},
    {file = "tomli-2.2.1-cp312-cp312-win32.whl", hash = "sha256:889f80ef92701b9dbb224e49ec87c645ce5df3fa2cc548664eb8a25e03127a98"},
    {file = "tomli-2.2.1-cp312-cp312-win_amd64.whl", hash = "sha256:7fc04e92e1d624a4a63c76474610238576942d6b8950a2d7f908a340494e67e4"},
    {file = "tomli-2.2.1-cp313-cp313-macosx_10_13_x86_64.whl", hash = "sha256:f4039b9cbc3048b2416cc57ab3bda989a6fcf9b36cf8937f01a6e731b64f80d7"},
    {file = "tomli-2.2.1-cp313-cp313-macosx_11_0_arm64.whl", hash = "sha256:286f0ca2ffeeb5b9bd4fcc8d6c330534323ec51b2f52da063b11c502da16f30c"},
    {file = "tomli-2.2.1-cp313-cp313-manylinux_2_17_aarch64.manylinux2014_aarch64.whl", hash = "sha256:a92ef1a44547e894e2a17d24e7557a5e85a9e1d0048b0b5e7541f76c5032cb13"},
    {file = "tomli-2.2.1-cp313-cp313-manylinux_2_17_x86_64.manylinux2014_x86_64.whl", hash = "sha256:9316dc65bed1684c9a98ee68759ceaed29d229e985297003e494aa825ebb0281"},
    {file = "tomli-2.2.1-cp313-cp313-manylinux_2_5_i686.manylinux1_i686.manylinux_2_17_i686.manylinux2014_i686.whl", hash = "sha256:e85e99945e688e32d5a35c1ff38ed0b3f41f43fad8df0bdf79f72b2ba7bc5272"},
    {file = "tomli-2.2.1-cp313-cp313-musllinux_1_2_aarch64.whl", hash = "sha256:ac065718db92ca818f8d6141b5f66369833d4a80a9d74435a268c52bdfa73140"},
    {file = "tomli-2.2.1-cp313-cp313-musllinux_1_2_i686.whl", hash = "sha256:d920f33822747519673ee656a4b6ac33e382eca9d331c87770faa3eef562aeb2"},
    {file = "tomli-2.2.1-cp313-cp313-musllinux_1_2_x86_64.whl", hash = "sha256:a198f10c4d1b1375d7687bc25294306e551bf1abfa4eace6650070a5c1ae2744"},
    {file = "tomli-2.2.1-cp313-cp313-win32.whl", hash = "sha256:d3f5614314d758649ab2ab3a62d4f2004c825922f9e370b29416484086b264ec"},
    {file = "tomli-2.2.1-cp313-cp313-win_amd64.whl", hash = "sha256:a38aa0308e754b0e3c67e344754dff64999ff9b513e691d0e786265c93583c69"},
    {file = "tomli-2.2.1-py3-none-any.whl", hash = "sha256:cb55c73c5f4408779d0cf3eef9f762b9c9f147a77de7b258bef0a5628adc85cc"},
    {file = "tomli-2.2.1.tar.gz", hash = "sha256:cd45e1dc79c835ce60f7404ec8119f2eb06d38b1deba146f07ced3bbc44505ff"},
]

[[package]]
name = "typing-extensions"
version = "4.13.2"
description = "Backported and Experimental Type Hints for Python 3.8+"
optional = false
python-versions = ">=3.8"
groups = ["main", "dev"]
files = [
    {file = "typing_extensions-4.13.2-py3-none-any.whl", hash = "sha256:a439e7c04b49fec3e5d3e2beaa21755cadbbdc391694e28ccdd36ca4a1408f8c"},
    {file = "typing_extensions-4.13.2.tar.gz", hash = "sha256:e6c81219bd689f51865d9e372991c540bda33a0379d5573cddb9a3a23f7caaef"},
]

[[package]]
name = "virtualenv"
version = "20.34.0"
description = "Virtual Python Environment builder"
optional = false
python-versions = ">=3.8"
groups = ["dev"]
files = [
    {file = "virtualenv-20.34.0-py3-none-any.whl", hash = "sha256:341f5afa7eee943e4984a9207c025feedd768baff6753cd660c857ceb3e36026"},
    {file = "virtualenv-20.34.0.tar.gz", hash = "sha256:44815b2c9dee7ed86e387b842a84f20b93f7f417f95886ca1996a72a4138eb1a"},
]

[package.dependencies]
distlib = ">=0.3.7,<1"
filelock = ">=3.12.2,<4"
platformdirs = ">=3.9.1,<5"
typing-extensions = {version = ">=4.13.2", markers = "python_version < \"3.11\""}

[package.extras]
docs = ["furo (>=2023.7.26)", "proselint (>=0.13)", "sphinx (>=7.1.2,!=7.3)", "sphinx-argparse (>=0.4)", "sphinxcontrib-towncrier (>=0.2.1a0)", "towncrier (>=23.6)"]
test = ["covdefaults (>=2.3)", "coverage (>=7.2.7)", "coverage-enable-subprocess (>=1)", "flaky (>=3.7)", "packaging (>=23.1)", "pytest (>=7.4)", "pytest-env (>=0.8.2)", "pytest-freezer (>=0.4.8) ; platform_python_implementation == \"PyPy\" or platform_python_implementation == \"GraalVM\" or platform_python_implementation == \"CPython\" and sys_platform == \"win32\" and python_version >= \"3.13\"", "pytest-mock (>=3.11.1)", "pytest-randomly (>=3.12)", "pytest-timeout (>=2.1)", "setuptools (>=68)", "time-machine (>=2.10) ; platform_python_implementation == \"CPython\""]

[metadata]
lock-version = "2.1"
python-versions = "^3.8"
content-hash = "8356bcb87bb85481d415147afcaab116a85b49cd6c7f167fcf898faba7087b43"
